# This file is automatically @generated by Cargo.
# It is not intended for manual editing.
version = 4

[[package]]
name = "svg"
version = "0.14.0"
source = "registry+https://github.com/rust-lang/crates.io-index"
checksum = "0d703a3635418d4e4d0e410009ddbfb65047ef9468b1d29afd3b057a5bc4c217"

[[package]]
name = "vector-text"
version = "0.1.1"
dependencies = [
 "svg",
 "vector-text-borland",
 "vector-text-core",
 "vector-text-hershey",
 "vector-text-newstroke",
]

[[package]]
name = "vector-text-borland"
version = "0.1.1"
dependencies = [
 "vector-text-core",
]

[[package]]
name = "vector-text-core"
version = "0.1.0"

[[package]]
name = "vector-text-hershey"
version = "0.1.1"
dependencies = [
 "vector-text-core",
]

[[package]]
name = "vector-text-newstroke"
version = "0.1.1"
dependencies = [
 "vector-text-core",
]
