# This file is automatically @generated by Cargo.
# It is not intended for manual editing.
version = 4

[[package]]
name = "vector-text"
version = "0.1.0"
dependencies = [
 "vector-text-borland",
 "vector-text-core",
 "vector-text-hershey",
 "vector-text-newstroke",
]

[[package]]
name = "vector-text-borland"
version = "0.1.0"
dependencies = [
 "vector-text-core",
]

[[package]]
name = "vector-text-core"
version = "0.1.0"

[[package]]
name = "vector-text-hershey"
version = "0.1.0"
dependencies = [
 "vector-text-core",
]

[[package]]
name = "vector-text-newstroke"
version = "0.1.0"
dependencies = [
 "vector-text-core",
]
